
Microsoft Visual Studio Solution File, Format Version 12.00
# Visual Studio Version 17
VisualStudioVersion = 17.0.31903.59
MinimumVisualStudioVersion = 10.0.40219.1
Project("{FAE04EC0-301F-11D3-BF4B-00C04F79EFBC}") = "NeuWillow.Console", "NeuWillow.Console\NeuWillow.Console.csproj", "{A0C073D4-47F2-4A8A-9B03-479AE3E6A320}"
EndProject
Project("{FAE04EC0-301F-11D3-BF4B-00C04F79EFBC}") = "NeuWillow.Domain", "NeuWillow.Domain\NeuWillow.Domain.csproj", "{343D9108-F5D3-4522-BF7D-858C3BDB357B}"
EndProject
Project("{FAE04EC0-301F-11D3-BF4B-00C04F79EFBC}") = "NeuWillow.Common", "NeuWillow.Common\NeuWillow.Common.csproj", "{ADD31062-E690-4353-9A4A-406A2F783CCF}"
EndProject
Project("{FAE04EC0-301F-11D3-BF4B-00C04F79EFBC}") = "NeuWillow.Tests", "NeuWillow.Tests\NeuWillow.Tests.csproj", "{29C007E5-7FF9-44B0-979C-1FACEC7B440C}"
EndProject
Project("{FAE04EC0-301F-11D3-BF4B-00C04F79EFBC}") = "NeuWillow.Neurons", "NeuWillow.Neurons\NeuWillow.Neurons.csproj", "{47C83377-64B5-425E-900B-8B6A7392BACA}"
EndProject
Global
	GlobalSection(SolutionConfigurationPlatforms) = preSolution
		Debug|Any CPU = Debug|Any CPU
		Debug|x64 = Debug|x64
		Debug|x86 = Debug|x86
		Release|Any CPU = Release|Any CPU
		Release|x64 = Release|x64
		Release|x86 = Release|x86
	EndGlobalSection
	GlobalSection(ProjectConfigurationPlatforms) = postSolution
		{A0C073D4-47F2-4A8A-9B03-479AE3E6A320}.Debug|Any CPU.ActiveCfg = Debug|Any CPU
		{A0C073D4-47F2-4A8A-9B03-479AE3E6A320}.Debug|Any CPU.Build.0 = Debug|Any CPU
		{A0C073D4-47F2-4A8A-9B03-479AE3E6A320}.Debug|x64.ActiveCfg = Debug|Any CPU
		{A0C073D4-47F2-4A8A-9B03-479AE3E6A320}.Debug|x64.Build.0 = Debug|Any CPU
		{A0C073D4-47F2-4A8A-9B03-479AE3E6A320}.Debug|x86.ActiveCfg = Debug|Any CPU
		{A0C073D4-47F2-4A8A-9B03-479AE3E6A320}.Debug|x86.Build.0 = Debug|Any CPU
		{A0C073D4-47F2-4A8A-9B03-479AE3E6A320}.Release|Any CPU.ActiveCfg = Release|Any CPU
		{A0C073D4-47F2-4A8A-9B03-479AE3E6A320}.Release|Any CPU.Build.0 = Release|Any CPU
		{A0C073D4-47F2-4A8A-9B03-479AE3E6A320}.Release|x64.ActiveCfg = Release|Any CPU
		{A0C073D4-47F2-4A8A-9B03-479AE3E6A320}.Release|x64.Build.0 = Release|Any CPU
		{A0C073D4-47F2-4A8A-9B03-479AE3E6A320}.Release|x86.ActiveCfg = Release|Any CPU
		{A0C073D4-47F2-4A8A-9B03-479AE3E6A320}.Release|x86.Build.0 = Release|Any CPU
		{343D9108-F5D3-4522-BF7D-858C3BDB357B}.Debug|Any CPU.ActiveCfg = Debug|Any CPU
		{343D9108-F5D3-4522-BF7D-858C3BDB357B}.Debug|Any CPU.Build.0 = Debug|Any CPU
		{343D9108-F5D3-4522-BF7D-858C3BDB357B}.Debug|x64.ActiveCfg = Debug|Any CPU
		{343D9108-F5D3-4522-BF7D-858C3BDB357B}.Debug|x64.Build.0 = Debug|Any CPU
		{343D9108-F5D3-4522-BF7D-858C3BDB357B}.Debug|x86.ActiveCfg = Debug|Any CPU
		{343D9108-F5D3-4522-BF7D-858C3BDB357B}.Debug|x86.Build.0 = Debug|Any CPU
		{343D9108-F5D3-4522-BF7D-858C3BDB357B}.Release|Any CPU.ActiveCfg = Release|Any CPU
		{343D9108-F5D3-4522-BF7D-858C3BDB357B}.Release|Any CPU.Build.0 = Release|Any CPU
		{343D9108-F5D3-4522-BF7D-858C3BDB357B}.Release|x64.ActiveCfg = Release|Any CPU
		{343D9108-F5D3-4522-BF7D-858C3BDB357B}.Release|x64.Build.0 = Release|Any CPU
		{343D9108-F5D3-4522-BF7D-858C3BDB357B}.Release|x86.ActiveCfg = Release|Any CPU
		{343D9108-F5D3-4522-BF7D-858C3BDB357B}.Release|x86.Build.0 = Release|Any CPU
		{ADD31062-E690-4353-9A4A-406A2F783CCF}.Debug|Any CPU.ActiveCfg = Debug|Any CPU
		{ADD31062-E690-4353-9A4A-406A2F783CCF}.Debug|Any CPU.Build.0 = Debug|Any CPU
		{ADD31062-E690-4353-9A4A-406A2F783CCF}.Debug|x64.ActiveCfg = Debug|Any CPU
		{ADD31062-E690-4353-9A4A-406A2F783CCF}.Debug|x64.Build.0 = Debug|Any CPU
		{ADD31062-E690-4353-9A4A-406A2F783CCF}.Debug|x86.ActiveCfg = Debug|Any CPU
		{ADD31062-E690-4353-9A4A-406A2F783CCF}.Debug|x86.Build.0 = Debug|Any CPU
		{ADD31062-E690-4353-9A4A-406A2F783CCF}.Release|Any CPU.ActiveCfg = Release|Any CPU
		{ADD31062-E690-4353-9A4A-406A2F783CCF}.Release|Any CPU.Build.0 = Release|Any CPU
		{ADD31062-E690-4353-9A4A-406A2F783CCF}.Release|x64.ActiveCfg = Release|Any CPU
		{ADD31062-E690-4353-9A4A-406A2F783CCF}.Release|x64.Build.0 = Release|Any CPU
		{ADD31062-E690-4353-9A4A-406A2F783CCF}.Release|x86.ActiveCfg = Release|Any CPU
		{ADD31062-E690-4353-9A4A-406A2F783CCF}.Release|x86.Build.0 = Release|Any CPU
		{29C007E5-7FF9-44B0-979C-1FACEC7B440C}.Debug|Any CPU.ActiveCfg = Debug|Any CPU
		{29C007E5-7FF9-44B0-979C-1FACEC7B440C}.Debug|Any CPU.Build.0 = Debug|Any CPU
		{29C007E5-7FF9-44B0-979C-1FACEC7B440C}.Debug|x64.ActiveCfg = Debug|Any CPU
		{29C007E5-7FF9-44B0-979C-1FACEC7B440C}.Debug|x64.Build.0 = Debug|Any CPU
		{29C007E5-7FF9-44B0-979C-1FACEC7B440C}.Debug|x86.ActiveCfg = Debug|Any CPU
		{29C007E5-7FF9-44B0-979C-1FACEC7B440C}.Debug|x86.Build.0 = Debug|Any CPU
		{29C007E5-7FF9-44B0-979C-1FACEC7B440C}.Release|Any CPU.ActiveCfg = Release|Any CPU
		{29C007E5-7FF9-44B0-979C-1FACEC7B440C}.Release|Any CPU.Build.0 = Release|Any CPU
		{29C007E5-7FF9-44B0-979C-1FACEC7B440C}.Release|x64.ActiveCfg = Release|Any CPU
		{29C007E5-7FF9-44B0-979C-1FACEC7B440C}.Release|x64.Build.0 = Release|Any CPU
		{29C007E5-7FF9-44B0-979C-1FACEC7B440C}.Release|x86.ActiveCfg = Release|Any CPU
		{29C007E5-7FF9-44B0-979C-1FACEC7B440C}.Release|x86.Build.0 = Release|Any CPU
		{47C83377-64B5-425E-900B-8B6A7392BACA}.Debug|Any CPU.ActiveCfg = Debug|Any CPU
		{47C83377-64B5-425E-900B-8B6A7392BACA}.Debug|Any CPU.Build.0 = Debug|Any CPU
		{47C83377-64B5-425E-900B-8B6A7392BACA}.Debug|x64.ActiveCfg = Debug|Any CPU
		{47C83377-64B5-425E-900B-8B6A7392BACA}.Debug|x64.Build.0 = Debug|Any CPU
		{47C83377-64B5-425E-900B-8B6A7392BACA}.Debug|x86.ActiveCfg = Debug|Any CPU
		{47C83377-64B5-425E-900B-8B6A7392BACA}.Debug|x86.Build.0 = Debug|Any CPU
		{47C83377-64B5-425E-900B-8B6A7392BACA}.Release|Any CPU.ActiveCfg = Release|Any CPU
		{47C83377-64B5-425E-900B-8B6A7392BACA}.Release|Any CPU.Build.0 = Release|Any CPU
		{47C83377-64B5-425E-900B-8B6A7392BACA}.Release|x64.ActiveCfg = Release|Any CPU
		{47C83377-64B5-425E-900B-8B6A7392BACA}.Release|x64.Build.0 = Release|Any CPU
		{47C83377-64B5-425E-900B-8B6A7392BACA}.Release|x86.ActiveCfg = Release|Any CPU
		{47C83377-64B5-425E-900B-8B6A7392BACA}.Release|x86.Build.0 = Release|Any CPU
	EndGlobalSection
	GlobalSection(SolutionProperties) = preSolution
		HideSolutionNode = FALSE
	EndGlobalSection
EndGlobal
